
Microsoft Visual Studio Solution File, Format Version 10.00
# Visual Studio 2008
Project("{FAE04EC0-301F-11D3-BF4B-00C04F79EFBC}") = "Main", "TLV\Main.csproj", "{08D6D604-5CAB-4F00-96FE-F5C97A2C4A1E}"
EndProject
Project("{FAE04EC0-301F-11D3-BF4B-00C04F79EFBC}") = "Core", "Core\Core.csproj", "{7C37CBB0-B554-4268-8A92-D78714219A41}"
EndProject
Project("{FAE04EC0-301F-11D3-BF4B-00C04F79EFBC}") = "Base", "Base\Base.csproj", "{920F5653-9ED8-416C-B4FC-64285D3BB1A5}"
EndProject
Project("{2150E333-8FDC-42A3-9474-1A3956D46DE8}") = "dll", "dll", "{C9BAF152-4724-43A5-AD69-EBBB9A7ECB29}"
	ProjectSection(SolutionItems) = preProject
		dll\WeifenLuo.WinFormsUI.Docking.dll = dll\WeifenLuo.WinFormsUI.Docking.dll
	EndProjectSection
EndProject
Project("{FAE04EC0-301F-11D3-BF4B-00C04F79EFBC}") = "Third", "Third\Third.csproj", "{C2A4F798-30E4-4F03-AA49-F060FFD09B48}"
EndProject
Project("{FAE04EC0-301F-11D3-BF4B-00C04F79EFBC}") = "Test", "Test\Test.csproj", "{1BFB4EF8-CB6F-48FF-811B-0D1898ABE03E}"
EndProject
Project("{2150E333-8FDC-42A3-9474-1A3956D46DE8}") = "Solution Items", "Solution Items", "{A9D965DA-0F3D-40DA-A0B4-67E6E61C5DE5}"
	ProjectSection(SolutionItems) = preProject
		LocalTestRun.testrunconfig = LocalTestRun.testrunconfig
		readme.txt = readme.txt
		TLV2.vsmdi = TLV2.vsmdi
		TLV3.vsmdi = TLV3.vsmdi
	EndProjectSection
EndProject
Global
	GlobalSection(TestCaseManagementSettings) = postSolution
		CategoryFile = TLV3.vsmdi
	EndGlobalSection
	GlobalSection(SolutionConfigurationPlatforms) = preSolution
		Debug|Any CPU = Debug|Any CPU
		Release|Any CPU = Release|Any CPU
	EndGlobalSection
	GlobalSection(ProjectConfigurationPlatforms) = postSolution
		{08D6D604-5CAB-4F00-96FE-F5C97A2C4A1E}.Debug|Any CPU.ActiveCfg = Debug|Any CPU
		{08D6D604-5CAB-4F00-96FE-F5C97A2C4A1E}.Debug|Any CPU.Build.0 = Debug|Any CPU
		{08D6D604-5CAB-4F00-96FE-F5C97A2C4A1E}.Release|Any CPU.ActiveCfg = Release|Any CPU
		{08D6D604-5CAB-4F00-96FE-F5C97A2C4A1E}.Release|Any CPU.Build.0 = Release|Any CPU
		{7C37CBB0-B554-4268-8A92-D78714219A41}.Debug|Any CPU.ActiveCfg = Debug|Any CPU
		{7C37CBB0-B554-4268-8A92-D78714219A41}.Debug|Any CPU.Build.0 = Debug|Any CPU
		{7C37CBB0-B554-4268-8A92-D78714219A41}.Release|Any CPU.ActiveCfg = Release|Any CPU
		{7C37CBB0-B554-4268-8A92-D78714219A41}.Release|Any CPU.Build.0 = Release|Any CPU
		{920F5653-9ED8-416C-B4FC-64285D3BB1A5}.Debug|Any CPU.ActiveCfg = Debug|Any CPU
		{920F5653-9ED8-416C-B4FC-64285D3BB1A5}.Debug|Any CPU.Build.0 = Debug|Any CPU
		{920F5653-9ED8-416C-B4FC-64285D3BB1A5}.Release|Any CPU.ActiveCfg = Release|Any CPU
		{920F5653-9ED8-416C-B4FC-64285D3BB1A5}.Release|Any CPU.Build.0 = Release|Any CPU
		{C2A4F798-30E4-4F03-AA49-F060FFD09B48}.Debug|Any CPU.ActiveCfg = Debug|Any CPU
		{C2A4F798-30E4-4F03-AA49-F060FFD09B48}.Debug|Any CPU.Build.0 = Debug|Any CPU
		{C2A4F798-30E4-4F03-AA49-F060FFD09B48}.Release|Any CPU.ActiveCfg = Release|Any CPU
		{C2A4F798-30E4-4F03-AA49-F060FFD09B48}.Release|Any CPU.Build.0 = Release|Any CPU
		{1BFB4EF8-CB6F-48FF-811B-0D1898ABE03E}.Debug|Any CPU.ActiveCfg = Debug|Any CPU
		{1BFB4EF8-CB6F-48FF-811B-0D1898ABE03E}.Debug|Any CPU.Build.0 = Debug|Any CPU
		{1BFB4EF8-CB6F-48FF-811B-0D1898ABE03E}.Release|Any CPU.ActiveCfg = Release|Any CPU
	EndGlobalSection
	GlobalSection(SolutionProperties) = preSolution
		HideSolutionNode = FALSE
	EndGlobalSection
EndGlobal
