
Microsoft Visual Studio Solution File, Format Version 10.00
# Visual Studio 2008
Project("{FAE04EC0-301F-11D3-BF4B-00C04F79EFBC}") = "Forms", "Forms\Forms.csproj", "{FEE1D572-4174-4238-B933-9E92D825BAE0}"
	ProjectSection(ProjectDependencies) = postProject
		{E8F58E25-61AC-414E-9466-0BB8D8C10409} = {E8F58E25-61AC-414E-9466-0BB8D8C10409}
		{B1609A92-E8DC-4A94-98B8-CAF62DFA51F4} = {B1609A92-E8DC-4A94-98B8-CAF62DFA51F4}
	EndProjectSection
EndProject
Project("{FAE04EC0-301F-11D3-BF4B-00C04F79EFBC}") = "Models", "Models\Models.csproj", "{B1609A92-E8DC-4A94-98B8-CAF62DFA51F4}"
EndProject
Project("{FAE04EC0-301F-11D3-BF4B-00C04F79EFBC}") = "Controllers", "Controllers\Controllers.csproj", "{E8F58E25-61AC-414E-9466-0BB8D8C10409}"
	ProjectSection(ProjectDependencies) = postProject
		{B1609A92-E8DC-4A94-98B8-CAF62DFA51F4} = {B1609A92-E8DC-4A94-98B8-CAF62DFA51F4}
	EndProjectSection
EndProject
Global
	GlobalSection(SolutionConfigurationPlatforms) = preSolution
		Debug|Any CPU = Debug|Any CPU
		Release|Any CPU = Release|Any CPU
	EndGlobalSection
	GlobalSection(ProjectConfigurationPlatforms) = postSolution
		{FEE1D572-4174-4238-B933-9E92D825BAE0}.Debug|Any CPU.ActiveCfg = Debug|Any CPU
		{FEE1D572-4174-4238-B933-9E92D825BAE0}.Debug|Any CPU.Build.0 = Debug|Any CPU
		{FEE1D572-4174-4238-B933-9E92D825BAE0}.Release|Any CPU.ActiveCfg = Release|Any CPU
		{FEE1D572-4174-4238-B933-9E92D825BAE0}.Release|Any CPU.Build.0 = Release|Any CPU
		{B1609A92-E8DC-4A94-98B8-CAF62DFA51F4}.Debug|Any CPU.ActiveCfg = Debug|Any CPU
		{B1609A92-E8DC-4A94-98B8-CAF62DFA51F4}.Debug|Any CPU.Build.0 = Debug|Any CPU
		{B1609A92-E8DC-4A94-98B8-CAF62DFA51F4}.Release|Any CPU.ActiveCfg = Release|Any CPU
		{B1609A92-E8DC-4A94-98B8-CAF62DFA51F4}.Release|Any CPU.Build.0 = Release|Any CPU
		{E8F58E25-61AC-414E-9466-0BB8D8C10409}.Debug|Any CPU.ActiveCfg = Debug|Any CPU
		{E8F58E25-61AC-414E-9466-0BB8D8C10409}.Debug|Any CPU.Build.0 = Debug|Any CPU
		{E8F58E25-61AC-414E-9466-0BB8D8C10409}.Release|Any CPU.ActiveCfg = Release|Any CPU
		{E8F58E25-61AC-414E-9466-0BB8D8C10409}.Release|Any CPU.Build.0 = Release|Any CPU
	EndGlobalSection
	GlobalSection(SolutionProperties) = preSolution
		HideSolutionNode = FALSE
	EndGlobalSection
EndGlobal
